
Microsoft Visual Studio Solution File, Format Version 12.00
# Visual Studio Version 17
VisualStudioVersion = 17.5.33627.172
MinimumVisualStudioVersion = 10.0.40219.1
Project("{8BC9CEB8-8B4A-11D0-8D11-00A0C91BC942}") = "recap", "recap\recap.vcxproj", "{7BF15ECF-90C1-4ABE-A885-5DA5472A1D9F}"
EndProject
Global
	GlobalSection(SolutionConfigurationPlatforms) = preSolution
		Debug|x64 = Debug|x64
		Debug|x86 = Debug|x86
		Release|x64 = Release|x64
		Release|x86 = Release|x86
	EndGlobalSection
	GlobalSection(ProjectConfigurationPlatforms) = postSolution
		{7BF15ECF-90C1-4ABE-A885-5DA5472A1D9F}.Debug|x64.ActiveCfg = Debug|x64
		{7BF15ECF-90C1-4ABE-A885-5DA5472A1D9F}.Debug|x64.Build.0 = Debug|x64
		{7BF15ECF-90C1-4ABE-A885-5DA5472A1D9F}.Debug|x86.ActiveCfg = Debug|Win32
		{7BF15ECF-90C1-4ABE-A885-5DA5472A1D9F}.Debug|x86.Build.0 = Debug|Win32
		{7BF15ECF-90C1-4ABE-A885-5DA5472A1D9F}.Release|x64.ActiveCfg = Release|x64
		{7BF15ECF-90C1-4ABE-A885-5DA5472A1D9F}.Release|x64.Build.0 = Release|x64
		{7BF15ECF-90C1-4ABE-A885-5DA5472A1D9F}.Release|x86.ActiveCfg = Release|Win32
		{7BF15ECF-90C1-4ABE-A885-5DA5472A1D9F}.Release|x86.Build.0 = Release|Win32
	EndGlobalSection
	GlobalSection(SolutionProperties) = preSolution
		HideSolutionNode = FALSE
	EndGlobalSection
	GlobalSection(ExtensibilityGlobals) = postSolution
		SolutionGuid = {D5195F6D-1054-4F90-BC7C-FA30628CB1B1}
	EndGlobalSection
EndGlobal
